
Microsoft Visual Studio Solution File, Format Version 12.00
# Visual Studio Version 16
VisualStudioVersion = 16.0.30517.126
MinimumVisualStudioVersion = 10.0.40219.1
Project("{FAE04EC0-301F-11D3-BF4B-00C04F79EFBC}") = "ProductReviewManagement", "ProductReviewManagement\ProductReviewManagement.csproj", "{ABF8C25D-3A61-4FE1-99F6-16519E2794C0}"
EndProject
Global
	GlobalSection(SolutionConfigurationPlatforms) = preSolution
		Debug|Any CPU = Debug|Any CPU
		Release|Any CPU = Release|Any CPU
	EndGlobalSection
	GlobalSection(ProjectConfigurationPlatforms) = postSolution
		{ABF8C25D-3A61-4FE1-99F6-16519E2794C0}.Debug|Any CPU.ActiveCfg = Debug|Any CPU
		{ABF8C25D-3A61-4FE1-99F6-16519E2794C0}.Debug|Any CPU.Build.0 = Debug|Any CPU
		{ABF8C25D-3A61-4FE1-99F6-16519E2794C0}.Release|Any CPU.ActiveCfg = Release|Any CPU
		{ABF8C25D-3A61-4FE1-99F6-16519E2794C0}.Release|Any CPU.Build.0 = Release|Any CPU
	EndGlobalSection
	GlobalSection(SolutionProperties) = preSolution
		HideSolutionNode = FALSE
	EndGlobalSection
	GlobalSection(ExtensibilityGlobals) = postSolution
		SolutionGuid = {60363883-18D6-48A3-8F07-E36F711AC86C}
	EndGlobalSection
EndGlobal
